
Microsoft Visual Studio Solution File, Format Version 12.00
Project("{FAE04EC0-301F-11D3-BF4B-00C04F79EFBC}") = "ServiceOne", "ServiceOne.csproj", "{0A76A7FA-3F97-4553-9524-2C42B748556D}"
EndProject
Global
	GlobalSection(SolutionConfigurationPlatforms) = preSolution
		Debug|Any CPU = Debug|Any CPU
		Release|Any CPU = Release|Any CPU
	EndGlobalSection
	GlobalSection(ProjectConfigurationPlatforms) = postSolution
		{0A76A7FA-3F97-4553-9524-2C42B748556D}.Debug|Any CPU.ActiveCfg = Debug|Any CPU
		{0A76A7FA-3F97-4553-9524-2C42B748556D}.Debug|Any CPU.Build.0 = Debug|Any CPU
		{0A76A7FA-3F97-4553-9524-2C42B748556D}.Release|Any CPU.ActiveCfg = Release|Any CPU
		{0A76A7FA-3F97-4553-9524-2C42B748556D}.Release|Any CPU.Build.0 = Release|Any CPU
	EndGlobalSection
EndGlobal
